
Microsoft Visual Studio Solution File, Format Version 12.00
Project("{FAE04EC0-301F-11D3-BF4B-00C04F79EFBC}") = "Tracking_app_pfe_Frontend", "Tracking_app_pfe_Frontend\Tracking_app_pfe_Frontend.csproj", "{98047213-DB48-483E-A40E-4B00C59AD47B}"
EndProject
Global
	GlobalSection(SolutionConfigurationPlatforms) = preSolution
		Debug|Any CPU = Debug|Any CPU
		Release|Any CPU = Release|Any CPU
	EndGlobalSection
	GlobalSection(ProjectConfigurationPlatforms) = postSolution
		{98047213-DB48-483E-A40E-4B00C59AD47B}.Debug|Any CPU.ActiveCfg = Debug|Any CPU
		{98047213-DB48-483E-A40E-4B00C59AD47B}.Debug|Any CPU.Build.0 = Debug|Any CPU
		{98047213-DB48-483E-A40E-4B00C59AD47B}.Release|Any CPU.ActiveCfg = Release|Any CPU
		{98047213-DB48-483E-A40E-4B00C59AD47B}.Release|Any CPU.Build.0 = Release|Any CPU
	EndGlobalSection
EndGlobal
