
Microsoft Visual Studio Solution File, Format Version 12.00
Project("{FAE04EC0-301F-11D3-BF4B-00C04F79EFBC}") = "Tracking_app_PFE_frontEnd", "Tracking_app_PFE_frontEnd\Tracking_app_PFE_frontEnd.csproj", "{80072819-7F53-4052-9815-8699B1C9E9FD}"
EndProject
Global
	GlobalSection(SolutionConfigurationPlatforms) = preSolution
		Debug|Any CPU = Debug|Any CPU
		Release|Any CPU = Release|Any CPU
	EndGlobalSection
	GlobalSection(ProjectConfigurationPlatforms) = postSolution
		{80072819-7F53-4052-9815-8699B1C9E9FD}.Debug|Any CPU.ActiveCfg = Debug|Any CPU
		{80072819-7F53-4052-9815-8699B1C9E9FD}.Debug|Any CPU.Build.0 = Debug|Any CPU
		{80072819-7F53-4052-9815-8699B1C9E9FD}.Release|Any CPU.ActiveCfg = Release|Any CPU
		{80072819-7F53-4052-9815-8699B1C9E9FD}.Release|Any CPU.Build.0 = Release|Any CPU
	EndGlobalSection
EndGlobal
